
Microsoft Visual Studio Solution File, Format Version 12.00
# Visual Studio Version 17
VisualStudioVersion = 17.11.35327.3
MinimumVisualStudioVersion = 10.0.40219.1
Project("{FAE04EC0-301F-11D3-BF4B-00C04F79EFBC}") = "Practice_Linq_2024", "Practice_Linq_2024\Practice_Linq_2024.csproj", "{C5BAF5B7-1BB2-4895-A96A-E264038C7929}"
EndProject
Global
	GlobalSection(SolutionConfigurationPlatforms) = preSolution
		Debug|Any CPU = Debug|Any CPU
		Release|Any CPU = Release|Any CPU
	EndGlobalSection
	GlobalSection(ProjectConfigurationPlatforms) = postSolution
		{C5BAF5B7-1BB2-4895-A96A-E264038C7929}.Debug|Any CPU.ActiveCfg = Debug|Any CPU
		{C5BAF5B7-1BB2-4895-A96A-E264038C7929}.Debug|Any CPU.Build.0 = Debug|Any CPU
		{C5BAF5B7-1BB2-4895-A96A-E264038C7929}.Release|Any CPU.ActiveCfg = Release|Any CPU
		{C5BAF5B7-1BB2-4895-A96A-E264038C7929}.Release|Any CPU.Build.0 = Release|Any CPU
	EndGlobalSection
	GlobalSection(SolutionProperties) = preSolution
		HideSolutionNode = FALSE
	EndGlobalSection
	GlobalSection(ExtensibilityGlobals) = postSolution
		SolutionGuid = {D2C4F7B0-B037-4ADB-BBDC-2B35FB2C6DE4}
	EndGlobalSection
EndGlobal
